// !$*UTF8*$!
{
	archiveVersion = 1;
	classes = {
	};
	objectVersion = 51;
	objects = {

/* Begin PBXBuildFile section */
		7F09C52C26D53B3000B058FC /* AppDelegate.swift in Sources */ = {isa = PBXBuildFile; fileRef = 7F09C52B26D53B3000B058FC /* AppDelegate.swift */; };
		7F09C52E26D53B3000B058FC /* SceneDelegate.swift in Sources */ = {isa = PBXBuildFile; fileRef = 7F09C52D26D53B3000B058FC /* SceneDelegate.swift */; };
		7F09C53326D53B3000B058FC /* Main.storyboard in Resources */ = {isa = PBXBuildFile; fileRef = 7F09C53126D53B3000B058FC /* Main.storyboard */; };
		7F09C53526D53B3300B058FC /* Assets.xcassets in Resources */ = {isa = PBXBuildFile; fileRef = 7F09C53426D53B3300B058FC /* Assets.xcassets */; };
		7F09C53826D53B3300B058FC /* LaunchScreen.storyboard in Resources */ = {isa = PBXBuildFile; fileRef = 7F09C53626D53B3300B058FC /* LaunchScreen.storyboard */; };
		7F09C55426D53D8100B058FC /* Fonts.swift in Sources */ = {isa = PBXBuildFile; fileRef = 7F09C55326D53D8100B058FC /* Fonts.swift */; };
		7F09C55626D540E400B058FC /* TabBarController.swift in Sources */ = {isa = PBXBuildFile; fileRef = 7F09C55526D540E400B058FC /* TabBarController.swift */; };
		7F09C55826D5416100B058FC /* HomeTabViewController.swift in Sources */ = {isa = PBXBuildFile; fileRef = 7F09C55726D5416100B058FC /* HomeTabViewController.swift */; };
		7F09C55A26D5419400B058FC /* Controllers.swift in Sources */ = {isa = PBXBuildFile; fileRef = 7F09C55926D5419400B058FC /* Controllers.swift */; };
		7F09C55C26D5433100B058FC /* Images.swift in Sources */ = {isa = PBXBuildFile; fileRef = 7F09C55B26D5433100B058FC /* Images.swift */; };
		7F09C55E26D549C100B058FC /* HomeTabView.swift in Sources */ = {isa = PBXBuildFile; fileRef = 7F09C55D26D549C100B058FC /* HomeTabView.swift */; };
		7F09C56026D549CF00B058FC /* HomeTabViewModel.swift in Sources */ = {isa = PBXBuildFile; fileRef = 7F09C55F26D549CF00B058FC /* HomeTabViewModel.swift */; };
		7F09C56226D54B4E00B058FC /* NetworkAdaptor.swift in Sources */ = {isa = PBXBuildFile; fileRef = 7F09C56126D54B4E00B058FC /* NetworkAdaptor.swift */; };
		7F09C56426D54BBA00B058FC /* NetworkAdaptorHelper.swift in Sources */ = {isa = PBXBuildFile; fileRef = 7F09C56326D54BBA00B058FC /* NetworkAdaptorHelper.swift */; };
		7F09C56626D54E2400B058FC /* HomeModel.swift in Sources */ = {isa = PBXBuildFile; fileRef = 7F09C56526D54E2400B058FC /* HomeModel.swift */; };
		7F09C56926D54F6D00B058FC /* MainCollectionViewCell.swift in Sources */ = {isa = PBXBuildFile; fileRef = 7F09C56726D54F6D00B058FC /* MainCollectionViewCell.swift */; };
		7F09C56A26D54F6D00B058FC /* MainCollectionViewCell.xib in Resources */ = {isa = PBXBuildFile; fileRef = 7F09C56826D54F6D00B058FC /* MainCollectionViewCell.xib */; };
		7F09C56D26D5504900B058FC /* ImageCollectionViewCell.swift in Sources */ = {isa = PBXBuildFile; fileRef = 7F09C56B26D5504900B058FC /* ImageCollectionViewCell.swift */; };
		7F09C56E26D5504900B058FC /* ImageCollectionViewCell.xib in Resources */ = {isa = PBXBuildFile; fileRef = 7F09C56C26D5504900B058FC /* ImageCollectionViewCell.xib */; };
		7F09C57026D5522900B058FC /* Constants.swift in Sources */ = {isa = PBXBuildFile; fileRef = 7F09C56F26D5522900B058FC /* Constants.swift */; };
		7F172F6226F4E6B0006503F9 /* EpisodeTableViewCell.swift in Sources */ = {isa = PBXBuildFile; fileRef = 7F172F6026F4E6B0006503F9 /* EpisodeTableViewCell.swift */; };
		7F172F6326F4E6B0006503F9 /* EpisodeTableViewCell.xib in Resources */ = {isa = PBXBuildFile; fileRef = 7F172F6126F4E6B0006503F9 /* EpisodeTableViewCell.xib */; };
		7F172F6726F4F1DD006503F9 /* MoreLikeThisTableViewCell.swift in Sources */ = {isa = PBXBuildFile; fileRef = 7F172F6526F4F1DD006503F9 /* MoreLikeThisTableViewCell.swift */; };
		7F172F6826F4F1DD006503F9 /* MoreLikeThisTableViewCell.xib in Resources */ = {isa = PBXBuildFile; fileRef = 7F172F6626F4F1DD006503F9 /* MoreLikeThisTableViewCell.xib */; };
		7F18EB8626DA8CE7005B6680 /* MenuView.swift in Sources */ = {isa = PBXBuildFile; fileRef = 7F18EB8526DA8CE7005B6680 /* MenuView.swift */; };
		7F1EB1B426E12406002E486B /* ApiHandler.swift in Sources */ = {isa = PBXBuildFile; fileRef = 7F1EB1B326E12406002E486B /* ApiHandler.swift */; };
		7F4487DC26DFCEB200CF597F /* Home.storyboard in Resources */ = {isa = PBXBuildFile; fileRef = 7F4487DB26DFCEB200CF597F /* Home.storyboard */; };
		7F4487E026DFCF3900CF597F /* CategoriesViewController.swift in Sources */ = {isa = PBXBuildFile; fileRef = 7F4487DF26DFCF3900CF597F /* CategoriesViewController.swift */; };
		7F4487E226DFCF5D00CF597F /* CategoriesView.swift in Sources */ = {isa = PBXBuildFile; fileRef = 7F4487E126DFCF5D00CF597F /* CategoriesView.swift */; };
		7F4487E426DFCFA800CF597F /* CategoriesViewModel.swift in Sources */ = {isa = PBXBuildFile; fileRef = 7F4487E326DFCFA800CF597F /* CategoriesViewModel.swift */; };
		7F4487E826DFD22100CF597F /* LabelTableViewCell.swift in Sources */ = {isa = PBXBuildFile; fileRef = 7F4487E626DFD22100CF597F /* LabelTableViewCell.swift */; };
		7F4487E926DFD22100CF597F /* LabelTableViewCell.xib in Resources */ = {isa = PBXBuildFile; fileRef = 7F4487E726DFD22100CF597F /* LabelTableViewCell.xib */; };
		7F4487EB26DFDCE700CF597F /* CategoryModel.swift in Sources */ = {isa = PBXBuildFile; fileRef = 7F4487EA26DFDCE700CF597F /* CategoryModel.swift */; };
		7F4ED46426F23F1900B5CBA6 /* DetailsTableViewCell.swift in Sources */ = {isa = PBXBuildFile; fileRef = 7F4ED46226F23F1900B5CBA6 /* DetailsTableViewCell.swift */; };
		7F4ED46526F23F1900B5CBA6 /* DetailsTableViewCell.xib in Resources */ = {isa = PBXBuildFile; fileRef = 7F4ED46326F23F1900B5CBA6 /* DetailsTableViewCell.xib */; };
		7F514A3626FA26FA006A271A /* SearchViewController.swift in Sources */ = {isa = PBXBuildFile; fileRef = 7F514A3526FA26FA006A271A /* SearchViewController.swift */; };
		7F514A3826FA28A4006A271A /* SearchViewModel.swift in Sources */ = {isa = PBXBuildFile; fileRef = 7F514A3726FA28A4006A271A /* SearchViewModel.swift */; };
		7F7B428926E6680D000F23E0 /* SubCategory.swift in Sources */ = {isa = PBXBuildFile; fileRef = 7F7B428826E6680D000F23E0 /* SubCategory.swift */; };
		7F7C92BB26F0F22500F2A251 /* DetailsViewController.swift in Sources */ = {isa = PBXBuildFile; fileRef = 7F7C92BA26F0F22500F2A251 /* DetailsViewController.swift */; };
		7F7C92BD26F0F22F00F2A251 /* DetailsView.swift in Sources */ = {isa = PBXBuildFile; fileRef = 7F7C92BC26F0F22F00F2A251 /* DetailsView.swift */; };
		7F7C92BF26F0F23B00F2A251 /* DetailsViewModel.swift in Sources */ = {isa = PBXBuildFile; fileRef = 7F7C92BE26F0F23A00F2A251 /* DetailsViewModel.swift */; };
		7F7C92C126F0FD1A00F2A251 /* DetailsModel.swift in Sources */ = {isa = PBXBuildFile; fileRef = 7F7C92C026F0FD1A00F2A251 /* DetailsModel.swift */; };
		7F8191C126D698040086753A /* LabelCollectionReusableView.swift in Sources */ = {isa = PBXBuildFile; fileRef = 7F8191BF26D698040086753A /* LabelCollectionReusableView.swift */; };
		7F8191C226D698040086753A /* LabelCollectionReusableView.xib in Resources */ = {isa = PBXBuildFile; fileRef = 7F8191C026D698040086753A /* LabelCollectionReusableView.xib */; };
		7F8191C426D698D20086753A /* Colors.swift in Sources */ = {isa = PBXBuildFile; fileRef = 7F8191C326D698D20086753A /* Colors.swift */; };
		7FBF08A126F39B710007459F /* DetailsHeaderTableViewCell.swift in Sources */ = {isa = PBXBuildFile; fileRef = 7FBF089F26F39B710007459F /* DetailsHeaderTableViewCell.swift */; };
		7FBF08A226F39B710007459F /* DetailsHeaderTableViewCell.xib in Resources */ = {isa = PBXBuildFile; fileRef = 7FBF08A026F39B710007459F /* DetailsHeaderTableViewCell.xib */; };
		7FC5100326FB7DED002358C0 /* RegisterViewController.swift in Sources */ = {isa = PBXBuildFile; fileRef = 7FC5100226FB7DED002358C0 /* RegisterViewController.swift */; };
		7FC5100526FB7E03002358C0 /* RegisterViewModel.swift in Sources */ = {isa = PBXBuildFile; fileRef = 7FC5100426FB7E03002358C0 /* RegisterViewModel.swift */; };
		7FC5100726FB7E23002358C0 /* OnBoarding.storyboard in Resources */ = {isa = PBXBuildFile; fileRef = 7FC5100626FB7E23002358C0 /* OnBoarding.storyboard */; };
		7FC5100B26FE0494002358C0 /* Extension.swift in Sources */ = {isa = PBXBuildFile; fileRef = 7FC5100A26FE0494002358C0 /* Extension.swift */; };
		7FC5100D26FE1C93002358C0 /* CalenderView.swift in Sources */ = {isa = PBXBuildFile; fileRef = 7FC5100C26FE1C93002358C0 /* CalenderView.swift */; };
		7FC5101026FE25B0002358C0 /* LoginViewModel.swift in Sources */ = {isa = PBXBuildFile; fileRef = 7FC5100F26FE25B0002358C0 /* LoginViewModel.swift */; };
		7FC5101226FE25BB002358C0 /* LoginViewController.swift in Sources */ = {isa = PBXBuildFile; fileRef = 7FC5101126FE25BB002358C0 /* LoginViewController.swift */; };
		7FC5101526FE2BB7002358C0 /* ForgotPasswordViewController.swift in Sources */ = {isa = PBXBuildFile; fileRef = 7FC5101426FE2BB7002358C0 /* ForgotPasswordViewController.swift */; };
		7FC5101726FE2BC2002358C0 /* ForgotPasswordViewModel.swift in Sources */ = {isa = PBXBuildFile; fileRef = 7FC5101626FE2BC2002358C0 /* ForgotPasswordViewModel.swift */; };
		9438D2AF348A415468F74CFC /* Pods_OTTApp.framework in Frameworks */ = {isa = PBXBuildFile; fileRef = 517C0801E354D203F92D4662 /* Pods_OTTApp.framework */; };
		CB80B3A426D9612000E2CE44 /* MainImageViewCell.swift in Sources */ = {isa = PBXBuildFile; fileRef = CB80B3A226D9612000E2CE44 /* MainImageViewCell.swift */; };
		CB80B3A526D9612000E2CE44 /* MainImageViewCell.xib in Resources */ = {isa = PBXBuildFile; fileRef = CB80B3A326D9612000E2CE44 /* MainImageViewCell.xib */; };
		CB80B3A826D9650C00E2CE44 /* UsersViewController.swift in Sources */ = {isa = PBXBuildFile; fileRef = CB80B3A726D9650C00E2CE44 /* UsersViewController.swift */; };
		CB80B3AA26D965CB00E2CE44 /* UsersView.swift in Sources */ = {isa = PBXBuildFile; fileRef = CB80B3A926D965CB00E2CE44 /* UsersView.swift */; };
		DAD05E8426FA519B0004BB69 /* SearchDataTableViewCell.swift in Sources */ = {isa = PBXBuildFile; fileRef = DAD05E8226FA519B0004BB69 /* SearchDataTableViewCell.swift */; };
		DAD05E8526FA519B0004BB69 /* SearchDataTableViewCell.xib in Resources */ = {isa = PBXBuildFile; fileRef = DAD05E8326FA519B0004BB69 /* SearchDataTableViewCell.xib */; };
/* End PBXBuildFile section */

/* Begin PBXFileReference section */
		517C0801E354D203F92D4662 /* Pods_OTTApp.framework */ = {isa = PBXFileReference; explicitFileType = wrapper.framework; includeInIndex = 0; path = Pods_OTTApp.framework; sourceTree = BUILT_PRODUCTS_DIR; };
		55AF95FCF12226C99A83B410 /* Pods-OTTApp.debug.xcconfig */ = {isa = PBXFileReference; includeInIndex = 1; lastKnownFileType = text.xcconfig; name = "Pods-OTTApp.debug.xcconfig"; path = "Target Support Files/Pods-OTTApp/Pods-OTTApp.debug.xcconfig"; sourceTree = "<group>"; };
		7F09C52826D53B3000B058FC /* OTTApp.app */ = {isa = PBXFileReference; explicitFileType = wrapper.application; includeInIndex = 0; path = OTTApp.app; sourceTree = BUILT_PRODUCTS_DIR; };
		7F09C52B26D53B3000B058FC /* AppDelegate.swift */ = {isa = PBXFileReference; lastKnownFileType = sourcecode.swift; path = AppDelegate.swift; sourceTree = "<group>"; };
		7F09C52D26D53B3000B058FC /* SceneDelegate.swift */ = {isa = PBXFileReference; lastKnownFileType = sourcecode.swift; path = SceneDelegate.swift; sourceTree = "<group>"; };
		7F09C53226D53B3000B058FC /* Base */ = {isa = PBXFileReference; lastKnownFileType = file.storyboard; name = Base; path = Base.lproj/Main.storyboard; sourceTree = "<group>"; };
		7F09C53426D53B3300B058FC /* Assets.xcassets */ = {isa = PBXFileReference; lastKnownFileType = folder.assetcatalog; path = Assets.xcassets; sourceTree = "<group>"; };
		7F09C53726D53B3300B058FC /* Base */ = {isa = PBXFileReference; lastKnownFileType = file.storyboard; name = Base; path = Base.lproj/LaunchScreen.storyboard; sourceTree = "<group>"; };
		7F09C53926D53B3300B058FC /* Info.plist */ = {isa = PBXFileReference; lastKnownFileType = text.plist.xml; path = Info.plist; sourceTree = "<group>"; };
		7F09C54126D53CF800B058FC /* Poppins-Black.ttf */ = {isa = PBXFileReference; lastKnownFileType = file; path = "Poppins-Black.ttf"; sourceTree = "<group>"; };
		7F09C54226D53CF800B058FC /* Poppins-LightItalic.ttf */ = {isa = PBXFileReference; lastKnownFileType = file; path = "Poppins-LightItalic.ttf"; sourceTree = "<group>"; };
		7F09C54326D53CF800B058FC /* Poppins-SemiBoldItalic.ttf */ = {isa = PBXFileReference; lastKnownFileType = file; path = "Poppins-SemiBoldItalic.ttf"; sourceTree = "<group>"; };
		7F09C54426D53CF800B058FC /* Poppins-Bold.ttf */ = {isa = PBXFileReference; lastKnownFileType = file; path = "Poppins-Bold.ttf"; sourceTree = "<group>"; };
		7F09C54526D53CF800B058FC /* Poppins-ExtraBoldItalic.ttf */ = {isa = PBXFileReference; lastKnownFileType = file; path = "Poppins-ExtraBoldItalic.ttf"; sourceTree = "<group>"; };
		7F09C54626D53CF800B058FC /* Poppins-Thin.ttf */ = {isa = PBXFileReference; lastKnownFileType = file; path = "Poppins-Thin.ttf"; sourceTree = "<group>"; };
		7F09C54726D53CF800B058FC /* Poppins-Italic.ttf */ = {isa = PBXFileReference; lastKnownFileType = file; path = "Poppins-Italic.ttf"; sourceTree = "<group>"; };
		7F09C54826D53CF900B058FC /* Poppins-ExtraLightItalic.ttf */ = {isa = PBXFileReference; lastKnownFileType = file; path = "Poppins-ExtraLightItalic.ttf"; sourceTree = "<group>"; };
		7F09C54926D53CF900B058FC /* Poppins-BlackItalic.ttf */ = {isa = PBXFileReference; lastKnownFileType = file; path = "Poppins-BlackItalic.ttf"; sourceTree = "<group>"; };
		7F09C54A26D53CF900B058FC /* Poppins-Medium.ttf */ = {isa = PBXFileReference; lastKnownFileType = file; path = "Poppins-Medium.ttf"; sourceTree = "<group>"; };
		7F09C54B26D53CF900B058FC /* Poppins-SemiBold.ttf */ = {isa = PBXFileReference; lastKnownFileType = file; path = "Poppins-SemiBold.ttf"; sourceTree = "<group>"; };
		7F09C54C26D53CF900B058FC /* Poppins-Light.ttf */ = {isa = PBXFileReference; lastKnownFileType = file; path = "Poppins-Light.ttf"; sourceTree = "<group>"; };
		7F09C54D26D53CF900B058FC /* Poppins-ThinItalic.ttf */ = {isa = PBXFileReference; lastKnownFileType = file; path = "Poppins-ThinItalic.ttf"; sourceTree = "<group>"; };
		7F09C54E26D53CF900B058FC /* Poppins-ExtraBold.ttf */ = {isa = PBXFileReference; lastKnownFileType = file; path = "Poppins-ExtraBold.ttf"; sourceTree = "<group>"; };
		7F09C54F26D53CF900B058FC /* Poppins-BoldItalic.ttf */ = {isa = PBXFileReference; lastKnownFileType = file; path = "Poppins-BoldItalic.ttf"; sourceTree = "<group>"; };
		7F09C55026D53CF900B058FC /* Poppins-Regular.ttf */ = {isa = PBXFileReference; lastKnownFileType = file; path = "Poppins-Regular.ttf"; sourceTree = "<group>"; };
		7F09C55126D53CF900B058FC /* Poppins-MediumItalic.ttf */ = {isa = PBXFileReference; lastKnownFileType = file; path = "Poppins-MediumItalic.ttf"; sourceTree = "<group>"; };
		7F09C55226D53CF900B058FC /* Poppins-ExtraLight.ttf */ = {isa = PBXFileReference; lastKnownFileType = file; path = "Poppins-ExtraLight.ttf"; sourceTree = "<group>"; };
		7F09C55326D53D8100B058FC /* Fonts.swift */ = {isa = PBXFileReference; fileEncoding = 4; lastKnownFileType = sourcecode.swift; path = Fonts.swift; sourceTree = "<group>"; };
		7F09C55526D540E400B058FC /* TabBarController.swift */ = {isa = PBXFileReference; lastKnownFileType = sourcecode.swift; path = TabBarController.swift; sourceTree = "<group>"; };
		7F09C55726D5416100B058FC /* HomeTabViewController.swift */ = {isa = PBXFileReference; lastKnownFileType = sourcecode.swift; path = HomeTabViewController.swift; sourceTree = "<group>"; };
		7F09C55926D5419400B058FC /* Controllers.swift */ = {isa = PBXFileReference; lastKnownFileType = sourcecode.swift; path = Controllers.swift; sourceTree = "<group>"; };
		7F09C55B26D5433100B058FC /* Images.swift */ = {isa = PBXFileReference; lastKnownFileType = sourcecode.swift; path = Images.swift; sourceTree = "<group>"; };
		7F09C55D26D549C100B058FC /* HomeTabView.swift */ = {isa = PBXFileReference; lastKnownFileType = sourcecode.swift; path = HomeTabView.swift; sourceTree = "<group>"; };
		7F09C55F26D549CF00B058FC /* HomeTabViewModel.swift */ = {isa = PBXFileReference; lastKnownFileType = sourcecode.swift; path = HomeTabViewModel.swift; sourceTree = "<group>"; };
		7F09C56126D54B4E00B058FC /* NetworkAdaptor.swift */ = {isa = PBXFileReference; fileEncoding = 4; lastKnownFileType = sourcecode.swift; path = NetworkAdaptor.swift; sourceTree = "<group>"; };
		7F09C56326D54BBA00B058FC /* NetworkAdaptorHelper.swift */ = {isa = PBXFileReference; lastKnownFileType = sourcecode.swift; path = NetworkAdaptorHelper.swift; sourceTree = "<group>"; };
		7F09C56526D54E2400B058FC /* HomeModel.swift */ = {isa = PBXFileReference; lastKnownFileType = sourcecode.swift; path = HomeModel.swift; sourceTree = "<group>"; };
		7F09C56726D54F6D00B058FC /* MainCollectionViewCell.swift */ = {isa = PBXFileReference; lastKnownFileType = sourcecode.swift; path = MainCollectionViewCell.swift; sourceTree = "<group>"; };
		7F09C56826D54F6D00B058FC /* MainCollectionViewCell.xib */ = {isa = PBXFileReference; lastKnownFileType = file.xib; path = MainCollectionViewCell.xib; sourceTree = "<group>"; };
		7F09C56B26D5504900B058FC /* ImageCollectionViewCell.swift */ = {isa = PBXFileReference; lastKnownFileType = sourcecode.swift; path = ImageCollectionViewCell.swift; sourceTree = "<group>"; };
		7F09C56C26D5504900B058FC /* ImageCollectionViewCell.xib */ = {isa = PBXFileReference; lastKnownFileType = file.xib; path = ImageCollectionViewCell.xib; sourceTree = "<group>"; };
		7F09C56F26D5522900B058FC /* Constants.swift */ = {isa = PBXFileReference; lastKnownFileType = sourcecode.swift; path = Constants.swift; sourceTree = "<group>"; };
		7F172F6026F4E6B0006503F9 /* EpisodeTableViewCell.swift */ = {isa = PBXFileReference; lastKnownFileType = sourcecode.swift; path = EpisodeTableViewCell.swift; sourceTree = "<group>"; };
		7F172F6126F4E6B0006503F9 /* EpisodeTableViewCell.xib */ = {isa = PBXFileReference; lastKnownFileType = file.xib; path = EpisodeTableViewCell.xib; sourceTree = "<group>"; };
		7F172F6526F4F1DD006503F9 /* MoreLikeThisTableViewCell.swift */ = {isa = PBXFileReference; lastKnownFileType = sourcecode.swift; path = MoreLikeThisTableViewCell.swift; sourceTree = "<group>"; };
		7F172F6626F4F1DD006503F9 /* MoreLikeThisTableViewCell.xib */ = {isa = PBXFileReference; lastKnownFileType = file.xib; path = MoreLikeThisTableViewCell.xib; sourceTree = "<group>"; };
		7F18EB8526DA8CE7005B6680 /* MenuView.swift */ = {isa = PBXFileReference; fileEncoding = 4; lastKnownFileType = sourcecode.swift; path = MenuView.swift; sourceTree = "<group>"; };
		7F1EB1B326E12406002E486B /* ApiHandler.swift */ = {isa = PBXFileReference; lastKnownFileType = sourcecode.swift; path = ApiHandler.swift; sourceTree = "<group>"; };
		7F4487DB26DFCEB200CF597F /* Home.storyboard */ = {isa = PBXFileReference; lastKnownFileType = file.storyboard; path = Home.storyboard; sourceTree = "<group>"; };
		7F4487DF26DFCF3900CF597F /* CategoriesViewController.swift */ = {isa = PBXFileReference; lastKnownFileType = sourcecode.swift; path = CategoriesViewController.swift; sourceTree = "<group>"; };
		7F4487E126DFCF5D00CF597F /* CategoriesView.swift */ = {isa = PBXFileReference; lastKnownFileType = sourcecode.swift; path = CategoriesView.swift; sourceTree = "<group>"; };
		7F4487E326DFCFA800CF597F /* CategoriesViewModel.swift */ = {isa = PBXFileReference; lastKnownFileType = sourcecode.swift; path = CategoriesViewModel.swift; sourceTree = "<group>"; };
		7F4487E626DFD22100CF597F /* LabelTableViewCell.swift */ = {isa = PBXFileReference; lastKnownFileType = sourcecode.swift; path = LabelTableViewCell.swift; sourceTree = "<group>"; };
		7F4487E726DFD22100CF597F /* LabelTableViewCell.xib */ = {isa = PBXFileReference; lastKnownFileType = file.xib; path = LabelTableViewCell.xib; sourceTree = "<group>"; };
		7F4487EA26DFDCE700CF597F /* CategoryModel.swift */ = {isa = PBXFileReference; lastKnownFileType = sourcecode.swift; path = CategoryModel.swift; sourceTree = "<group>"; };
		7F4ED46226F23F1900B5CBA6 /* DetailsTableViewCell.swift */ = {isa = PBXFileReference; lastKnownFileType = sourcecode.swift; path = DetailsTableViewCell.swift; sourceTree = "<group>"; };
		7F4ED46326F23F1900B5CBA6 /* DetailsTableViewCell.xib */ = {isa = PBXFileReference; lastKnownFileType = file.xib; path = DetailsTableViewCell.xib; sourceTree = "<group>"; };
		7F514A3526FA26FA006A271A /* SearchViewController.swift */ = {isa = PBXFileReference; lastKnownFileType = sourcecode.swift; path = SearchViewController.swift; sourceTree = "<group>"; };
		7F514A3726FA28A4006A271A /* SearchViewModel.swift */ = {isa = PBXFileReference; lastKnownFileType = sourcecode.swift; path = SearchViewModel.swift; sourceTree = "<group>"; };
		7F7B428826E6680D000F23E0 /* SubCategory.swift */ = {isa = PBXFileReference; lastKnownFileType = sourcecode.swift; path = SubCategory.swift; sourceTree = "<group>"; };
		7F7C92BA26F0F22500F2A251 /* DetailsViewController.swift */ = {isa = PBXFileReference; lastKnownFileType = sourcecode.swift; path = DetailsViewController.swift; sourceTree = "<group>"; };
		7F7C92BC26F0F22F00F2A251 /* DetailsView.swift */ = {isa = PBXFileReference; lastKnownFileType = sourcecode.swift; path = DetailsView.swift; sourceTree = "<group>"; };
		7F7C92BE26F0F23A00F2A251 /* DetailsViewModel.swift */ = {isa = PBXFileReference; lastKnownFileType = sourcecode.swift; path = DetailsViewModel.swift; sourceTree = "<group>"; };
		7F7C92C026F0FD1A00F2A251 /* DetailsModel.swift */ = {isa = PBXFileReference; lastKnownFileType = sourcecode.swift; path = DetailsModel.swift; sourceTree = "<group>"; };
		7F8191BF26D698040086753A /* LabelCollectionReusableView.swift */ = {isa = PBXFileReference; lastKnownFileType = sourcecode.swift; path = LabelCollectionReusableView.swift; sourceTree = "<group>"; };
		7F8191C026D698040086753A /* LabelCollectionReusableView.xib */ = {isa = PBXFileReference; lastKnownFileType = file.xib; path = LabelCollectionReusableView.xib; sourceTree = "<group>"; };
		7F8191C326D698D20086753A /* Colors.swift */ = {isa = PBXFileReference; lastKnownFileType = sourcecode.swift; path = Colors.swift; sourceTree = "<group>"; };
		7FBF089F26F39B710007459F /* DetailsHeaderTableViewCell.swift */ = {isa = PBXFileReference; lastKnownFileType = sourcecode.swift; path = DetailsHeaderTableViewCell.swift; sourceTree = "<group>"; };
		7FBF08A026F39B710007459F /* DetailsHeaderTableViewCell.xib */ = {isa = PBXFileReference; lastKnownFileType = file.xib; path = DetailsHeaderTableViewCell.xib; sourceTree = "<group>"; };
		7FC5100226FB7DED002358C0 /* RegisterViewController.swift */ = {isa = PBXFileReference; lastKnownFileType = sourcecode.swift; path = RegisterViewController.swift; sourceTree = "<group>"; };
		7FC5100426FB7E03002358C0 /* RegisterViewModel.swift */ = {isa = PBXFileReference; lastKnownFileType = sourcecode.swift; path = RegisterViewModel.swift; sourceTree = "<group>"; };
		7FC5100626FB7E23002358C0 /* OnBoarding.storyboard */ = {isa = PBXFileReference; lastKnownFileType = file.storyboard; path = OnBoarding.storyboard; sourceTree = "<group>"; };
		7FC5100A26FE0494002358C0 /* Extension.swift */ = {isa = PBXFileReference; lastKnownFileType = sourcecode.swift; path = Extension.swift; sourceTree = "<group>"; };
		7FC5100C26FE1C93002358C0 /* CalenderView.swift */ = {isa = PBXFileReference; fileEncoding = 4; lastKnownFileType = sourcecode.swift; path = CalenderView.swift; sourceTree = "<group>"; };
		7FC5100F26FE25B0002358C0 /* LoginViewModel.swift */ = {isa = PBXFileReference; lastKnownFileType = sourcecode.swift; path = LoginViewModel.swift; sourceTree = "<group>"; };
		7FC5101126FE25BB002358C0 /* LoginViewController.swift */ = {isa = PBXFileReference; lastKnownFileType = sourcecode.swift; path = LoginViewController.swift; sourceTree = "<group>"; };
		7FC5101426FE2BB7002358C0 /* ForgotPasswordViewController.swift */ = {isa = PBXFileReference; lastKnownFileType = sourcecode.swift; path = ForgotPasswordViewController.swift; sourceTree = "<group>"; };
		7FC5101626FE2BC2002358C0 /* ForgotPasswordViewModel.swift */ = {isa = PBXFileReference; lastKnownFileType = sourcecode.swift; path = ForgotPasswordViewModel.swift; sourceTree = "<group>"; };
		9F3AAF70C64759FD37FE4944 /* Pods-OTTApp.release.xcconfig */ = {isa = PBXFileReference; includeInIndex = 1; lastKnownFileType = text.xcconfig; name = "Pods-OTTApp.release.xcconfig"; path = "Target Support Files/Pods-OTTApp/Pods-OTTApp.release.xcconfig"; sourceTree = "<group>"; };
		CB80B3A226D9612000E2CE44 /* MainImageViewCell.swift */ = {isa = PBXFileReference; lastKnownFileType = sourcecode.swift; path = MainImageViewCell.swift; sourceTree = "<group>"; };
		CB80B3A326D9612000E2CE44 /* MainImageViewCell.xib */ = {isa = PBXFileReference; lastKnownFileType = file.xib; path = MainImageViewCell.xib; sourceTree = "<group>"; };
		CB80B3A726D9650C00E2CE44 /* UsersViewController.swift */ = {isa = PBXFileReference; lastKnownFileType = sourcecode.swift; path = UsersViewController.swift; sourceTree = "<group>"; };
		CB80B3A926D965CB00E2CE44 /* UsersView.swift */ = {isa = PBXFileReference; lastKnownFileType = sourcecode.swift; path = UsersView.swift; sourceTree = "<group>"; };
		DAD05E8226FA519B0004BB69 /* SearchDataTableViewCell.swift */ = {isa = PBXFileReference; lastKnownFileType = sourcecode.swift; path = SearchDataTableViewCell.swift; sourceTree = "<group>"; };
		DAD05E8326FA519B0004BB69 /* SearchDataTableViewCell.xib */ = {isa = PBXFileReference; lastKnownFileType = file.xib; path = SearchDataTableViewCell.xib; sourceTree = "<group>"; };
/* End PBXFileReference section */

/* Begin PBXFrameworksBuildPhase section */
		7F09C52526D53B3000B058FC /* Frameworks */ = {
			isa = PBXFrameworksBuildPhase;
			buildActionMask = 2147483647;
			files = (
				9438D2AF348A415468F74CFC /* Pods_OTTApp.framework in Frameworks */,
			);
			runOnlyForDeploymentPostprocessing = 0;
		};
/* End PBXFrameworksBuildPhase section */

/* Begin PBXGroup section */
		7F09C51F26D53B3000B058FC = {
			isa = PBXGroup;
			children = (
				7F09C52A26D53B3000B058FC /* OTTApp */,
				7F09C52926D53B3000B058FC /* Products */,
				E1695BFDCBF4540E0B090984 /* Pods */,
				E3899962D54120B39D0C55DA /* Frameworks */,
			);
			sourceTree = "<group>";
		};
		7F09C52926D53B3000B058FC /* Products */ = {
			isa = PBXGroup;
			children = (
				7F09C52826D53B3000B058FC /* OTTApp.app */,
			);
			name = Products;
			sourceTree = "<group>";
		};
		7F09C52A26D53B3000B058FC /* OTTApp */ = {
			isa = PBXGroup;
			children = (
				7F09C52B26D53B3000B058FC /* AppDelegate.swift */,
				7F09C52D26D53B3000B058FC /* SceneDelegate.swift */,
				7F8191BE26D697D40086753A /* Network */,
				7F8191BD26D697BC0086753A /* Helper */,
				7F4487E526DFD20200CF597F /* TableViewCells */,
				7F8191BA26D6978D0086753A /* CollectionViewCells */,
				7F8191B826D6975B0086753A /* Controllers */,
				7F4487DD26DFCF0D00CF597F /* Storyboards */,
				7F09C53F26D53CCC00B058FC /* Resources */,
				7F09C53426D53B3300B058FC /* Assets.xcassets */,
				7F09C53626D53B3300B058FC /* LaunchScreen.storyboard */,
				7F09C53926D53B3300B058FC /* Info.plist */,
			);
			path = OTTApp;
			sourceTree = "<group>";
		};
		7F09C53F26D53CCC00B058FC /* Resources */ = {
			isa = PBXGroup;
			children = (
				7F09C54026D53CD600B058FC /* Fonts */,
			);
			path = Resources;
			sourceTree = "<group>";
		};
		7F09C54026D53CD600B058FC /* Fonts */ = {
			isa = PBXGroup;
			children = (
				7F09C54126D53CF800B058FC /* Poppins-Black.ttf */,
				7F09C54926D53CF900B058FC /* Poppins-BlackItalic.ttf */,
				7F09C54426D53CF800B058FC /* Poppins-Bold.ttf */,
				7F09C54F26D53CF900B058FC /* Poppins-BoldItalic.ttf */,
				7F09C54E26D53CF900B058FC /* Poppins-ExtraBold.ttf */,
				7F09C54526D53CF800B058FC /* Poppins-ExtraBoldItalic.ttf */,
				7F09C55226D53CF900B058FC /* Poppins-ExtraLight.ttf */,
				7F09C54826D53CF900B058FC /* Poppins-ExtraLightItalic.ttf */,
				7F09C54726D53CF800B058FC /* Poppins-Italic.ttf */,
				7F09C54C26D53CF900B058FC /* Poppins-Light.ttf */,
				7F09C54226D53CF800B058FC /* Poppins-LightItalic.ttf */,
				7F09C54A26D53CF900B058FC /* Poppins-Medium.ttf */,
				7F09C55126D53CF900B058FC /* Poppins-MediumItalic.ttf */,
				7F09C55026D53CF900B058FC /* Poppins-Regular.ttf */,
				7F09C54B26D53CF900B058FC /* Poppins-SemiBold.ttf */,
				7F09C54326D53CF800B058FC /* Poppins-SemiBoldItalic.ttf */,
				7F09C54626D53CF800B058FC /* Poppins-Thin.ttf */,
				7F09C54D26D53CF900B058FC /* Poppins-ThinItalic.ttf */,
			);
			path = Fonts;
			sourceTree = "<group>";
		};
		7F172F5F26F4E698006503F9 /* EpisodeCell */ = {
			isa = PBXGroup;
			children = (
				7F172F6026F4E6B0006503F9 /* EpisodeTableViewCell.swift */,
				7F172F6126F4E6B0006503F9 /* EpisodeTableViewCell.xib */,
			);
			path = EpisodeCell;
			sourceTree = "<group>";
		};
		7F172F6426F4F1C8006503F9 /* MoreLikeThis */ = {
			isa = PBXGroup;
			children = (
				7F172F6526F4F1DD006503F9 /* MoreLikeThisTableViewCell.swift */,
				7F172F6626F4F1DD006503F9 /* MoreLikeThisTableViewCell.xib */,
			);
			path = MoreLikeThis;
			sourceTree = "<group>";
		};
		7F4487DD26DFCF0D00CF597F /* Storyboards */ = {
			isa = PBXGroup;
			children = (
				7F09C53126D53B3000B058FC /* Main.storyboard */,
				7F4487DB26DFCEB200CF597F /* Home.storyboard */,
				7FC5100626FB7E23002358C0 /* OnBoarding.storyboard */,
			);
			path = Storyboards;
			sourceTree = "<group>";
		};
		7F4487DE26DFCF1F00CF597F /* Categories */ = {
			isa = PBXGroup;
			children = (
				7F4487DF26DFCF3900CF597F /* CategoriesViewController.swift */,
				7F4487E126DFCF5D00CF597F /* CategoriesView.swift */,
				7F4487E326DFCFA800CF597F /* CategoriesViewModel.swift */,
				7F4487EA26DFDCE700CF597F /* CategoryModel.swift */,
			);
			path = Categories;
			sourceTree = "<group>";
		};
		7F4487E526DFD20200CF597F /* TableViewCells */ = {
			isa = PBXGroup;
			children = (
				7F4487E626DFD22100CF597F /* LabelTableViewCell.swift */,
				7F4487E726DFD22100CF597F /* LabelTableViewCell.xib */,
			);
			path = TableViewCells;
			sourceTree = "<group>";
		};
		7F4ED46126F23EFF00B5CBA6 /* DetailsCell */ = {
			isa = PBXGroup;
			children = (
				7F4ED46226F23F1900B5CBA6 /* DetailsTableViewCell.swift */,
				7F4ED46326F23F1900B5CBA6 /* DetailsTableViewCell.xib */,
			);
			path = DetailsCell;
			sourceTree = "<group>";
		};
		7F514A3426FA26E8006A271A /* Search */ = {
			isa = PBXGroup;
			children = (
				7F514A3526FA26FA006A271A /* SearchViewController.swift */,
				7F514A3726FA28A4006A271A /* SearchViewModel.swift */,
			);
			path = Search;
			sourceTree = "<group>";
		};
		7F7C92B926F0F21200F2A251 /* Details */ = {
			isa = PBXGroup;
			children = (
				7F7C92BA26F0F22500F2A251 /* DetailsViewController.swift */,
				7F7C92BC26F0F22F00F2A251 /* DetailsView.swift */,
				7F7C92BE26F0F23A00F2A251 /* DetailsViewModel.swift */,
				7F7C92C026F0FD1A00F2A251 /* DetailsModel.swift */,
				7F172F6426F4F1C8006503F9 /* MoreLikeThis */,
				7F172F5F26F4E698006503F9 /* EpisodeCell */,
				7FBF089E26F39B4D0007459F /* DetailsHeader */,
				7F4ED46126F23EFF00B5CBA6 /* DetailsCell */,
			);
			path = Details;
			sourceTree = "<group>";
		};
		7F8191B826D6975B0086753A /* Controllers */ = {
			isa = PBXGroup;
			children = (
				7F09C55526D540E400B058FC /* TabBarController.swift */,
				7FC5101326FE2BA3002358C0 /* Forgot Password */,
				7FC5100E26FE259A002358C0 /* Login */,
				7FC5100126FB7DB4002358C0 /* Register */,
				7F514A3426FA26E8006A271A /* Search */,
				DAD05E8626FA51A80004BB69 /* Search cells */,
				7F7C92B926F0F21200F2A251 /* Details */,
				7F4487DE26DFCF1F00CF597F /* Categories */,
				7F8191B926D697750086753A /* HomeTab */,
				CB80B3A626D964C800E2CE44 /* UserVC */,
			);
			path = Controllers;
			sourceTree = "<group>";
		};
		7F8191B926D697750086753A /* HomeTab */ = {
			isa = PBXGroup;
			children = (
				7F09C56526D54E2400B058FC /* HomeModel.swift */,
				7F7B428826E6680D000F23E0 /* SubCategory.swift */,
				7F09C55F26D549CF00B058FC /* HomeTabViewModel.swift */,
				7F09C55726D5416100B058FC /* HomeTabViewController.swift */,
				7F09C55D26D549C100B058FC /* HomeTabView.swift */,
				7F18EB8526DA8CE7005B6680 /* MenuView.swift */,
			);
			path = HomeTab;
			sourceTree = "<group>";
		};
		7F8191BA26D6978D0086753A /* CollectionViewCells */ = {
			isa = PBXGroup;
			children = (
				7F8191BC26D697AB0086753A /* Image */,
				7F8191BB26D6979B0086753A /* MainCollection */,
				7F8191BF26D698040086753A /* LabelCollectionReusableView.swift */,
				7F8191C026D698040086753A /* LabelCollectionReusableView.xib */,
			);
			path = CollectionViewCells;
			sourceTree = "<group>";
		};
		7F8191BB26D6979B0086753A /* MainCollection */ = {
			isa = PBXGroup;
			children = (
				7F09C56726D54F6D00B058FC /* MainCollectionViewCell.swift */,
				7F09C56826D54F6D00B058FC /* MainCollectionViewCell.xib */,
			);
			path = MainCollection;
			sourceTree = "<group>";
		};
		7F8191BC26D697AB0086753A /* Image */ = {
			isa = PBXGroup;
			children = (
				7F09C56B26D5504900B058FC /* ImageCollectionViewCell.swift */,
				7F09C56C26D5504900B058FC /* ImageCollectionViewCell.xib */,
				CB80B3A226D9612000E2CE44 /* MainImageViewCell.swift */,
				CB80B3A326D9612000E2CE44 /* MainImageViewCell.xib */,
			);
			path = Image;
			sourceTree = "<group>";
		};
		7F8191BD26D697BC0086753A /* Helper */ = {
			isa = PBXGroup;
			children = (
				7F09C55326D53D8100B058FC /* Fonts.swift */,
				7F09C56F26D5522900B058FC /* Constants.swift */,
				7F09C55B26D5433100B058FC /* Images.swift */,
				7F09C55926D5419400B058FC /* Controllers.swift */,
				7F8191C326D698D20086753A /* Colors.swift */,
				7FC5100A26FE0494002358C0 /* Extension.swift */,
			);
			path = Helper;
			sourceTree = "<group>";
		};
		7F8191BE26D697D40086753A /* Network */ = {
			isa = PBXGroup;
			children = (
				7F09C56126D54B4E00B058FC /* NetworkAdaptor.swift */,
				7F09C56326D54BBA00B058FC /* NetworkAdaptorHelper.swift */,
				7F1EB1B326E12406002E486B /* ApiHandler.swift */,
			);
			path = Network;
			sourceTree = "<group>";
		};
		7FBF089E26F39B4D0007459F /* DetailsHeader */ = {
			isa = PBXGroup;
			children = (
				7FBF089F26F39B710007459F /* DetailsHeaderTableViewCell.swift */,
				7FBF08A026F39B710007459F /* DetailsHeaderTableViewCell.xib */,
			);
			path = DetailsHeader;
			sourceTree = "<group>";
		};
		7FC5100126FB7DB4002358C0 /* Register */ = {
			isa = PBXGroup;
			children = (
				7FC5100226FB7DED002358C0 /* RegisterViewController.swift */,
				7FC5100426FB7E03002358C0 /* RegisterViewModel.swift */,
				7FC5100C26FE1C93002358C0 /* CalenderView.swift */,
			);
			path = Register;
			sourceTree = "<group>";
		};
		7FC5100E26FE259A002358C0 /* Login */ = {
			isa = PBXGroup;
			children = (
				7FC5100F26FE25B0002358C0 /* LoginViewModel.swift */,
				7FC5101126FE25BB002358C0 /* LoginViewController.swift */,
			);
			path = Login;
			sourceTree = "<group>";
		};
		7FC5101326FE2BA3002358C0 /* Forgot Password */ = {
			isa = PBXGroup;
			children = (
				7FC5101426FE2BB7002358C0 /* ForgotPasswordViewController.swift */,
				7FC5101626FE2BC2002358C0 /* ForgotPasswordViewModel.swift */,
			);
			path = "Forgot Password";
			sourceTree = "<group>";
		};
		CB80B3A626D964C800E2CE44 /* UserVC */ = {
			isa = PBXGroup;
			children = (
				CB80B3A726D9650C00E2CE44 /* UsersViewController.swift */,
				CB80B3A926D965CB00E2CE44 /* UsersView.swift */,
			);
			path = UserVC;
			sourceTree = "<group>";
		};
		DAD05E8626FA51A80004BB69 /* Search cells */ = {
			isa = PBXGroup;
			children = (
				DAD05E8226FA519B0004BB69 /* SearchDataTableViewCell.swift */,
				DAD05E8326FA519B0004BB69 /* SearchDataTableViewCell.xib */,
			);
			path = "Search cells";
			sourceTree = "<group>";
		};
		E1695BFDCBF4540E0B090984 /* Pods */ = {
			isa = PBXGroup;
			children = (
				55AF95FCF12226C99A83B410 /* Pods-OTTApp.debug.xcconfig */,
				9F3AAF70C64759FD37FE4944 /* Pods-OTTApp.release.xcconfig */,
			);
			path = Pods;
			sourceTree = "<group>";
		};
		E3899962D54120B39D0C55DA /* Frameworks */ = {
			isa = PBXGroup;
			children = (
				517C0801E354D203F92D4662 /* Pods_OTTApp.framework */,
			);
			name = Frameworks;
			sourceTree = "<group>";
		};
/* End PBXGroup section */

/* Begin PBXNativeTarget section */
		7F09C52726D53B3000B058FC /* OTTApp */ = {
			isa = PBXNativeTarget;
			buildConfigurationList = 7F09C53C26D53B3300B058FC /* Build configuration list for PBXNativeTarget "OTTApp" */;
			buildPhases = (
				8D7FCE073F13A82655975308 /* [CP] Check Pods Manifest.lock */,
				7F09C52426D53B3000B058FC /* Sources */,
				7F09C52526D53B3000B058FC /* Frameworks */,
				7F09C52626D53B3000B058FC /* Resources */,
				003CDFB735A7DB9203EB52EA /* [CP] Embed Pods Frameworks */,
			);
			buildRules = (
			);
			dependencies = (
			);
			name = OTTApp;
			productName = OTTApp;
			productReference = 7F09C52826D53B3000B058FC /* OTTApp.app */;
			productType = "com.apple.product-type.application";
		};
/* End PBXNativeTarget section */

/* Begin PBXProject section */
		7F09C52026D53B3000B058FC /* Project object */ = {
			isa = PBXProject;
			attributes = {
				LastSwiftUpdateCheck = 1250;
				LastUpgradeCheck = 1250;
				TargetAttributes = {
					7F09C52726D53B3000B058FC = {
						CreatedOnToolsVersion = 12.5.1;
					};
				};
			};
			buildConfigurationList = 7F09C52326D53B3000B058FC /* Build configuration list for PBXProject "OTTApp" */;
			compatibilityVersion = "Xcode 9.3";
			developmentRegion = en;
			hasScannedForEncodings = 0;
			knownRegions = (
				en,
				Base,
			);
			mainGroup = 7F09C51F26D53B3000B058FC;
			productRefGroup = 7F09C52926D53B3000B058FC /* Products */;
			projectDirPath = "";
			projectRoot = "";
			targets = (
				7F09C52726D53B3000B058FC /* OTTApp */,
			);
		};
/* End PBXProject section */

/* Begin PBXResourcesBuildPhase section */
		7F09C52626D53B3000B058FC /* Resources */ = {
			isa = PBXResourcesBuildPhase;
			buildActionMask = 2147483647;
			files = (
				7F4ED46526F23F1900B5CBA6 /* DetailsTableViewCell.xib in Resources */,
				DAD05E8526FA519B0004BB69 /* SearchDataTableViewCell.xib in Resources */,
				7F172F6326F4E6B0006503F9 /* EpisodeTableViewCell.xib in Resources */,
				7F09C53826D53B3300B058FC /* LaunchScreen.storyboard in Resources */,
				7F172F6826F4F1DD006503F9 /* MoreLikeThisTableViewCell.xib in Resources */,
				7FBF08A226F39B710007459F /* DetailsHeaderTableViewCell.xib in Resources */,
				7F09C53526D53B3300B058FC /* Assets.xcassets in Resources */,
				7F09C53326D53B3000B058FC /* Main.storyboard in Resources */,
				CB80B3A526D9612000E2CE44 /* MainImageViewCell.xib in Resources */,
				7F09C56A26D54F6D00B058FC /* MainCollectionViewCell.xib in Resources */,
				7F8191C226D698040086753A /* LabelCollectionReusableView.xib in Resources */,
				7F4487E926DFD22100CF597F /* LabelTableViewCell.xib in Resources */,
				7F09C56E26D5504900B058FC /* ImageCollectionViewCell.xib in Resources */,
				7F4487DC26DFCEB200CF597F /* Home.storyboard in Resources */,
				7FC5100726FB7E23002358C0 /* OnBoarding.storyboard in Resources */,
			);
			runOnlyForDeploymentPostprocessing = 0;
		};
/* End PBXResourcesBuildPhase section */

/* Begin PBXShellScriptBuildPhase section */
		003CDFB735A7DB9203EB52EA /* [CP] Embed Pods Frameworks */ = {
			isa = PBXShellScriptBuildPhase;
			buildActionMask = 2147483647;
			files = (
			);
			inputFileListPaths = (
				"${PODS_ROOT}/Target Support Files/Pods-OTTApp/Pods-OTTApp-frameworks-${CONFIGURATION}-input-files.xcfilelist",
			);
			name = "[CP] Embed Pods Frameworks";
			outputFileListPaths = (
				"${PODS_ROOT}/Target Support Files/Pods-OTTApp/Pods-OTTApp-frameworks-${CONFIGURATION}-output-files.xcfilelist",
			);
			runOnlyForDeploymentPostprocessing = 0;
			shellPath = /bin/sh;
			shellScript = "\"${PODS_ROOT}/Target Support Files/Pods-OTTApp/Pods-OTTApp-frameworks.sh\"\n";
			showEnvVarsInLog = 0;
		};
		8D7FCE073F13A82655975308 /* [CP] Check Pods Manifest.lock */ = {
			isa = PBXShellScriptBuildPhase;
			buildActionMask = 2147483647;
			files = (
			);
			inputFileListPaths = (
			);
			inputPaths = (
				"${PODS_PODFILE_DIR_PATH}/Podfile.lock",
				"${PODS_ROOT}/Manifest.lock",
			);
			name = "[CP] Check Pods Manifest.lock";
			outputFileListPaths = (
			);
			outputPaths = (
				"$(DERIVED_FILE_DIR)/Pods-OTTApp-checkManifestLockResult.txt",
			);
			runOnlyForDeploymentPostprocessing = 0;
			shellPath = /bin/sh;
			shellScript = "diff \"${PODS_PODFILE_DIR_PATH}/Podfile.lock\" \"${PODS_ROOT}/Manifest.lock\" > /dev/null\nif [ $? != 0 ] ; then\n    # print error to STDERR\n    echo \"error: The sandbox is not in sync with the Podfile.lock. Run 'pod install' or update your CocoaPods installation.\" >&2\n    exit 1\nfi\n# This output is used by Xcode 'outputs' to avoid re-running this script phase.\necho \"SUCCESS\" > \"${SCRIPT_OUTPUT_FILE_0}\"\n";
			showEnvVarsInLog = 0;
		};
/* End PBXShellScriptBuildPhase section */

/* Begin PBXSourcesBuildPhase section */
		7F09C52426D53B3000B058FC /* Sources */ = {
			isa = PBXSourcesBuildPhase;
			buildActionMask = 2147483647;
			files = (
				7F7B428926E6680D000F23E0 /* SubCategory.swift in Sources */,
				7F09C55426D53D8100B058FC /* Fonts.swift in Sources */,
				7F09C56026D549CF00B058FC /* HomeTabViewModel.swift in Sources */,
				7F8191C126D698040086753A /* LabelCollectionReusableView.swift in Sources */,
				7F514A3826FA28A4006A271A /* SearchViewModel.swift in Sources */,
				7F7C92C126F0FD1A00F2A251 /* DetailsModel.swift in Sources */,
				7F09C52C26D53B3000B058FC /* AppDelegate.swift in Sources */,
				7F09C55E26D549C100B058FC /* HomeTabView.swift in Sources */,
				7F7C92BB26F0F22500F2A251 /* DetailsViewController.swift in Sources */,
				7FC5100B26FE0494002358C0 /* Extension.swift in Sources */,
				7F172F6226F4E6B0006503F9 /* EpisodeTableViewCell.swift in Sources */,
				CB80B3A426D9612000E2CE44 /* MainImageViewCell.swift in Sources */,
				7FC5100326FB7DED002358C0 /* RegisterViewController.swift in Sources */,
				7F09C56226D54B4E00B058FC /* NetworkAdaptor.swift in Sources */,
				7F18EB8626DA8CE7005B6680 /* MenuView.swift in Sources */,
				7F4487E226DFCF5D00CF597F /* CategoriesView.swift in Sources */,
				7F7C92BD26F0F22F00F2A251 /* DetailsView.swift in Sources */,
				7FC5100526FB7E03002358C0 /* RegisterViewModel.swift in Sources */,
				7FC5101226FE25BB002358C0 /* LoginViewController.swift in Sources */,
				7F09C56D26D5504900B058FC /* ImageCollectionViewCell.swift in Sources */,
				7F09C57026D5522900B058FC /* Constants.swift in Sources */,
				7F4487E826DFD22100CF597F /* LabelTableViewCell.swift in Sources */,
				7FBF08A126F39B710007459F /* DetailsHeaderTableViewCell.swift in Sources */,
				DAD05E8426FA519B0004BB69 /* SearchDataTableViewCell.swift in Sources */,
				7FC5101526FE2BB7002358C0 /* ForgotPasswordViewController.swift in Sources */,
				7FC5101726FE2BC2002358C0 /* ForgotPasswordViewModel.swift in Sources */,
				7F09C56426D54BBA00B058FC /* NetworkAdaptorHelper.swift in Sources */,
				7FC5101026FE25B0002358C0 /* LoginViewModel.swift in Sources */,
				7F1EB1B426E12406002E486B /* ApiHandler.swift in Sources */,
				7F4487EB26DFDCE700CF597F /* CategoryModel.swift in Sources */,
				7F172F6726F4F1DD006503F9 /* MoreLikeThisTableViewCell.swift in Sources */,
				7FC5100D26FE1C93002358C0 /* CalenderView.swift in Sources */,
				7F09C56926D54F6D00B058FC /* MainCollectionViewCell.swift in Sources */,
				7F4487E026DFCF3900CF597F /* CategoriesViewController.swift in Sources */,
				7F09C55626D540E400B058FC /* TabBarController.swift in Sources */,
				7F8191C426D698D20086753A /* Colors.swift in Sources */,
				7F514A3626FA26FA006A271A /* SearchViewController.swift in Sources */,
				7F09C55A26D5419400B058FC /* Controllers.swift in Sources */,
				7F09C56626D54E2400B058FC /* HomeModel.swift in Sources */,
				CB80B3AA26D965CB00E2CE44 /* UsersView.swift in Sources */,
				7F09C55C26D5433100B058FC /* Images.swift in Sources */,
				7F4ED46426F23F1900B5CBA6 /* DetailsTableViewCell.swift in Sources */,
				7F09C52E26D53B3000B058FC /* SceneDelegate.swift in Sources */,
				7F09C55826D5416100B058FC /* HomeTabViewController.swift in Sources */,
				7F7C92BF26F0F23B00F2A251 /* DetailsViewModel.swift in Sources */,
				7F4487E426DFCFA800CF597F /* CategoriesViewModel.swift in Sources */,
				CB80B3A826D9650C00E2CE44 /* UsersViewController.swift in Sources */,
			);
			runOnlyForDeploymentPostprocessing = 0;
		};
/* End PBXSourcesBuildPhase section */

/* Begin PBXVariantGroup section */
		7F09C53126D53B3000B058FC /* Main.storyboard */ = {
			isa = PBXVariantGroup;
			children = (
				7F09C53226D53B3000B058FC /* Base */,
			);
			name = Main.storyboard;
			sourceTree = "<group>";
		};
		7F09C53626D53B3300B058FC /* LaunchScreen.storyboard */ = {
			isa = PBXVariantGroup;
			children = (
				7F09C53726D53B3300B058FC /* Base */,
			);
			name = LaunchScreen.storyboard;
			sourceTree = "<group>";
		};
/* End PBXVariantGroup section */

/* Begin XCBuildConfiguration section */
		7F09C53A26D53B3300B058FC /* Debug */ = {
			isa = XCBuildConfiguration;
			buildSettings = {
				ALWAYS_SEARCH_USER_PATHS = NO;
				CLANG_ANALYZER_NONNULL = YES;
				CLANG_ANALYZER_NUMBER_OBJECT_CONVERSION = YES_AGGRESSIVE;
				CLANG_CXX_LANGUAGE_STANDARD = "gnu++14";
				CLANG_CXX_LIBRARY = "libc++";
				CLANG_ENABLE_MODULES = YES;
				CLANG_ENABLE_OBJC_ARC = YES;
				CLANG_ENABLE_OBJC_WEAK = YES;
				CLANG_WARN_BLOCK_CAPTURE_AUTORELEASING = YES;
				CLANG_WARN_BOOL_CONVERSION = YES;
				CLANG_WARN_COMMA = YES;
				CLANG_WARN_CONSTANT_CONVERSION = YES;
				CLANG_WARN_DEPRECATED_OBJC_IMPLEMENTATIONS = YES;
				CLANG_WARN_DIRECT_OBJC_ISA_USAGE = YES_ERROR;
				CLANG_WARN_DOCUMENTATION_COMMENTS = YES;
				CLANG_WARN_EMPTY_BODY = YES;
				CLANG_WARN_ENUM_CONVERSION = YES;
				CLANG_WARN_INFINITE_RECURSION = YES;
				CLANG_WARN_INT_CONVERSION = YES;
				CLANG_WARN_NON_LITERAL_NULL_CONVERSION = YES;
				CLANG_WARN_OBJC_IMPLICIT_RETAIN_SELF = YES;
				CLANG_WARN_OBJC_LITERAL_CONVERSION = YES;
				CLANG_WARN_OBJC_ROOT_CLASS = YES_ERROR;
				CLANG_WARN_QUOTED_INCLUDE_IN_FRAMEWORK_HEADER = YES;
				CLANG_WARN_RANGE_LOOP_ANALYSIS = YES;
				CLANG_WARN_STRICT_PROTOTYPES = YES;
				CLANG_WARN_SUSPICIOUS_MOVE = YES;
				CLANG_WARN_UNGUARDED_AVAILABILITY = YES_AGGRESSIVE;
				CLANG_WARN_UNREACHABLE_CODE = YES;
				CLANG_WARN__DUPLICATE_METHOD_MATCH = YES;
				COPY_PHASE_STRIP = NO;
				DEBUG_INFORMATION_FORMAT = dwarf;
				ENABLE_STRICT_OBJC_MSGSEND = YES;
				ENABLE_TESTABILITY = YES;
				GCC_C_LANGUAGE_STANDARD = gnu11;
				GCC_DYNAMIC_NO_PIC = NO;
				GCC_NO_COMMON_BLOCKS = YES;
				GCC_OPTIMIZATION_LEVEL = 0;
				GCC_PREPROCESSOR_DEFINITIONS = (
					"DEBUG=1",
					"$(inherited)",
				);
				GCC_WARN_64_TO_32_BIT_CONVERSION = YES;
				GCC_WARN_ABOUT_RETURN_TYPE = YES_ERROR;
				GCC_WARN_UNDECLARED_SELECTOR = YES;
				GCC_WARN_UNINITIALIZED_AUTOS = YES_AGGRESSIVE;
				GCC_WARN_UNUSED_FUNCTION = YES;
				GCC_WARN_UNUSED_VARIABLE = YES;
				IPHONEOS_DEPLOYMENT_TARGET = 14.5;
				MTL_ENABLE_DEBUG_INFO = INCLUDE_SOURCE;
				MTL_FAST_MATH = YES;
				ONLY_ACTIVE_ARCH = YES;
				SDKROOT = iphoneos;
				SWIFT_ACTIVE_COMPILATION_CONDITIONS = DEBUG;
				SWIFT_OPTIMIZATION_LEVEL = "-Onone";
			};
			name = Debug;
		};
		7F09C53B26D53B3300B058FC /* Release */ = {
			isa = XCBuildConfiguration;
			buildSettings = {
				ALWAYS_SEARCH_USER_PATHS = NO;
				CLANG_ANALYZER_NONNULL = YES;
				CLANG_ANALYZER_NUMBER_OBJECT_CONVERSION = YES_AGGRESSIVE;
				CLANG_CXX_LANGUAGE_STANDARD = "gnu++14";
				CLANG_CXX_LIBRARY = "libc++";
				CLANG_ENABLE_MODULES = YES;
				CLANG_ENABLE_OBJC_ARC = YES;
				CLANG_ENABLE_OBJC_WEAK = YES;
				CLANG_WARN_BLOCK_CAPTURE_AUTORELEASING = YES;
				CLANG_WARN_BOOL_CONVERSION = YES;
				CLANG_WARN_COMMA = YES;
				CLANG_WARN_CONSTANT_CONVERSION = YES;
				CLANG_WARN_DEPRECATED_OBJC_IMPLEMENTATIONS = YES;
				CLANG_WARN_DIRECT_OBJC_ISA_USAGE = YES_ERROR;
				CLANG_WARN_DOCUMENTATION_COMMENTS = YES;
				CLANG_WARN_EMPTY_BODY = YES;
				CLANG_WARN_ENUM_CONVERSION = YES;
				CLANG_WARN_INFINITE_RECURSION = YES;
				CLANG_WARN_INT_CONVERSION = YES;
				CLANG_WARN_NON_LITERAL_NULL_CONVERSION = YES;
				CLANG_WARN_OBJC_IMPLICIT_RETAIN_SELF = YES;
				CLANG_WARN_OBJC_LITERAL_CONVERSION = YES;
				CLANG_WARN_OBJC_ROOT_CLASS = YES_ERROR;
				CLANG_WARN_QUOTED_INCLUDE_IN_FRAMEWORK_HEADER = YES;
				CLANG_WARN_RANGE_LOOP_ANALYSIS = YES;
				CLANG_WARN_STRICT_PROTOTYPES = YES;
				CLANG_WARN_SUSPICIOUS_MOVE = YES;
				CLANG_WARN_UNGUARDED_AVAILABILITY = YES_AGGRESSIVE;
				CLANG_WARN_UNREACHABLE_CODE = YES;
				CLANG_WARN__DUPLICATE_METHOD_MATCH = YES;
				COPY_PHASE_STRIP = NO;
				DEBUG_INFORMATION_FORMAT = "dwarf-with-dsym";
				ENABLE_NS_ASSERTIONS = NO;
				ENABLE_STRICT_OBJC_MSGSEND = YES;
				GCC_C_LANGUAGE_STANDARD = gnu11;
				GCC_NO_COMMON_BLOCKS = YES;
				GCC_WARN_64_TO_32_BIT_CONVERSION = YES;
				GCC_WARN_ABOUT_RETURN_TYPE = YES_ERROR;
				GCC_WARN_UNDECLARED_SELECTOR = YES;
				GCC_WARN_UNINITIALIZED_AUTOS = YES_AGGRESSIVE;
				GCC_WARN_UNUSED_FUNCTION = YES;
				GCC_WARN_UNUSED_VARIABLE = YES;
				IPHONEOS_DEPLOYMENT_TARGET = 14.5;
				MTL_ENABLE_DEBUG_INFO = NO;
				MTL_FAST_MATH = YES;
				SDKROOT = iphoneos;
				SWIFT_COMPILATION_MODE = wholemodule;
				SWIFT_OPTIMIZATION_LEVEL = "-O";
				VALIDATE_PRODUCT = YES;
			};
			name = Release;
		};
		7F09C53D26D53B3300B058FC /* Debug */ = {
			isa = XCBuildConfiguration;
			baseConfigurationReference = 55AF95FCF12226C99A83B410 /* Pods-OTTApp.debug.xcconfig */;
			buildSettings = {
				ASSETCATALOG_COMPILER_APPICON_NAME = AppIcon;
				ASSETCATALOG_COMPILER_GLOBAL_ACCENT_COLOR_NAME = AccentColor;
				CODE_SIGN_STYLE = Automatic;
				DEVELOPMENT_TEAM = MWRXZU8DP6;
				INFOPLIST_FILE = OTTApp/Info.plist;
				LD_RUNPATH_SEARCH_PATHS = (
					"$(inherited)",
					"@executable_path/Frameworks",
				);
				PRODUCT_BUNDLE_IDENTIFIER = com.saikiran.OTTApp;
				PRODUCT_NAME = "$(TARGET_NAME)";
				SWIFT_VERSION = 5.0;
				TARGETED_DEVICE_FAMILY = "1,2";
			};
			name = Debug;
		};
		7F09C53E26D53B3300B058FC /* Release */ = {
			isa = XCBuildConfiguration;
			baseConfigurationReference = 9F3AAF70C64759FD37FE4944 /* Pods-OTTApp.release.xcconfig */;
			buildSettings = {
				ASSETCATALOG_COMPILER_APPICON_NAME = AppIcon;
				ASSETCATALOG_COMPILER_GLOBAL_ACCENT_COLOR_NAME = AccentColor;
				CODE_SIGN_STYLE = Automatic;
				DEVELOPMENT_TEAM = MWRXZU8DP6;
				INFOPLIST_FILE = OTTApp/Info.plist;
				LD_RUNPATH_SEARCH_PATHS = (
					"$(inherited)",
					"@executable_path/Frameworks",
				);
				PRODUCT_BUNDLE_IDENTIFIER = com.saikiran.OTTApp;
				PRODUCT_NAME = "$(TARGET_NAME)";
				SWIFT_VERSION = 5.0;
				TARGETED_DEVICE_FAMILY = "1,2";
			};
			name = Release;
		};
/* End XCBuildConfiguration section */

/* Begin XCConfigurationList section */
		7F09C52326D53B3000B058FC /* Build configuration list for PBXProject "OTTApp" */ = {
			isa = XCConfigurationList;
			buildConfigurations = (
				7F09C53A26D53B3300B058FC /* Debug */,
				7F09C53B26D53B3300B058FC /* Release */,
			);
			defaultConfigurationIsVisible = 0;
			defaultConfigurationName = Release;
		};
		7F09C53C26D53B3300B058FC /* Build configuration list for PBXNativeTarget "OTTApp" */ = {
			isa = XCConfigurationList;
			buildConfigurations = (
				7F09C53D26D53B3300B058FC /* Debug */,
				7F09C53E26D53B3300B058FC /* Release */,
			);
			defaultConfigurationIsVisible = 0;
			defaultConfigurationName = Release;
		};
/* End XCConfigurationList section */
	};
	rootObject = 7F09C52026D53B3000B058FC /* Project object */;
}
